Microsoft Visual Studio Solution File, Format Version 10.00
# Visual Studio 2008
Project("{8BC9CEB8-8B4A-11D0-8D11-00A0C91BC942}") = "right_popen", "right_popen_90.vcproj", "{DCCAA5E8-F06D-487E-A4E8-30838755462D}"
EndProject
Global
	GlobalSection(SolutionConfigurationPlatforms) = preSolution
		Debug|Win32 = Debug|Win32
		Release|Win32 = Release|Win32
	EndGlobalSection
	GlobalSection(ProjectConfigurationPlatforms) = postSolution
		{DCCAA5E8-F06D-487E-A4E8-30838755462D}.Debug|Win32.ActiveCfg = Debug|Win32
		{DCCAA5E8-F06D-487E-A4E8-30838755462D}.Debug|Win32.Build.0 = Debug|Win32
		{DCCAA5E8-F06D-487E-A4E8-30838755462D}.Release|Win32.ActiveCfg = Release|Win32
		{DCCAA5E8-F06D-487E-A4E8-30838755462D}.Release|Win32.Build.0 = Release|Win32
	EndGlobalSection
	GlobalSection(SolutionProperties) = preSolution
		HideSolutionNode = FALSE
	EndGlobalSection
EndGlobal
